
Microsoft Visual Studio Solution File, Format Version 12.00
# Visual Studio Version 16
VisualStudioVersion = 16.0.32228.343
MinimumVisualStudioVersion = 10.0.40219.1
Project("{FAE04EC0-301F-11D3-BF4B-00C04F79EFBC}") = "CRUDIntecap", "CRUDIntecap\CRUDIntecap.csproj", "{D80822BF-432B-40BC-B63B-8D0ABC0B3662}"
EndProject
Global
	GlobalSection(SolutionConfigurationPlatforms) = preSolution
		Debug|Any CPU = Debug|Any CPU
		Release|Any CPU = Release|Any CPU
	EndGlobalSection
	GlobalSection(ProjectConfigurationPlatforms) = postSolution
		{D80822BF-432B-40BC-B63B-8D0ABC0B3662}.Debug|Any CPU.ActiveCfg = Debug|Any CPU
		{D80822BF-432B-40BC-B63B-8D0ABC0B3662}.Debug|Any CPU.Build.0 = Debug|Any CPU
		{D80822BF-432B-40BC-B63B-8D0ABC0B3662}.Release|Any CPU.ActiveCfg = Release|Any CPU
		{D80822BF-432B-40BC-B63B-8D0ABC0B3662}.Release|Any CPU.Build.0 = Release|Any CPU
	EndGlobalSection
	GlobalSection(SolutionProperties) = preSolution
		HideSolutionNode = FALSE
	EndGlobalSection
	GlobalSection(ExtensibilityGlobals) = postSolution
		SolutionGuid = {5300A0C7-01C7-4759-934C-A795EC3F56B8}
	EndGlobalSection
EndGlobal
